# This file is generated by running "yarn install" inside your project.
# Manual changes might be lost - proceed with caution!

__metadata:
  version: 8
  cacheKey: 10c0

"@esbuild/aix-ppc64@npm:0.25.12":
  version: 0.25.12
  resolution: "@esbuild/aix-ppc64@npm:0.25.12"
  conditions: os=aix & cpu=ppc64
  languageName: node
  linkType: hard

"@esbuild/android-arm64@npm:0.25.12":
  version: 0.25.12
  resolution: "@esbuild/android-arm64@npm:0.25.12"
  conditions: os=android & cpu=arm64
  languageName: node
  linkType: hard

"@esbuild/android-arm@npm:0.25.12":
  version: 0.25.12
  resolution: "@esbuild/android-arm@npm:0.25.12"
  conditions: os=android & cpu=arm
  languageName: node
  linkType: hard

"@esbuild/android-x64@npm:0.25.12":
  version: 0.25.12
  resolution: "@esbuild/android-x64@npm:0.25.12"
  conditions: os=android & cpu=x64
  languageName: node
  linkType: hard

"@esbuild/darwin-arm64@npm:0.25.12":
  version: 0.25.12
  resolution: "@esbuild/darwin-arm64@npm:0.25.12"
  conditions: os=darwin & cpu=arm64
  languageName: node
  linkType: hard

"@esbuild/darwin-x64@npm:0.25.12":
  version: 0.25.12
  resolution: "@esbuild/darwin-x64@npm:0.25.12"
  conditions: os=darwin & cpu=x64
  languageName: node
  linkType: hard

"@esbuild/freebsd-arm64@npm:0.25.12":
  version: 0.25.12
  resolution: "@esbuild/freebsd-arm64@npm:0.25.12"
  conditions: os=freebsd & cpu=arm64
  languageName: node
  linkType: hard

"@esbuild/freebsd-x64@npm:0.25.12":
  version: 0.25.12
  resolution: "@esbuild/freebsd-x64@npm:0.25.12"
  conditions: os=freebsd & cpu=x64
  languageName: node
  linkType: hard

"@esbuild/linux-arm64@npm:0.25.12":
  version: 0.25.12
  resolution: "@esbuild/linux-arm64@npm:0.25.12"
  conditions: os=linux & cpu=arm64
  languageName: node
  linkType: hard

"@esbuild/linux-arm@npm:0.25.12":
  version: 0.25.12
  resolution: "@esbuild/linux-arm@npm:0.25.12"
  conditions: os=linux & cpu=arm
  languageName: node
  linkType: hard

"@esbuild/linux-ia32@npm:0.25.12":
  version: 0.25.12
  resolution: "@esbuild/linux-ia32@npm:0.25.12"
  conditions: os=linux & cpu=ia32
  languageName: node
  linkType: hard

"@esbuild/linux-loong64@npm:0.25.12":
  version: 0.25.12
  resolution: "@esbuild/linux-loong64@npm:0.25.12"
  conditions: os=linux & cpu=loong64
  languageName: node
  linkType: hard

"@esbuild/linux-mips64el@npm:0.25.12":
  version: 0.25.12
  resolution: "@esbuild/linux-mips64el@npm:0.25.12"
  conditions: os=linux & cpu=mips64el
  languageName: node
  linkType: hard

"@esbuild/linux-ppc64@npm:0.25.12":
  version: 0.25.12
  resolution: "@esbuild/linux-ppc64@npm:0.25.12"
  conditions: os=linux & cpu=ppc64
  languageName: node
  linkType: hard

"@esbuild/linux-riscv64@npm:0.25.12":
  version: 0.25.12
  resolution: "@esbuild/linux-riscv64@npm:0.25.12"
  conditions: os=linux & cpu=riscv64
  languageName: node
  linkType: hard

"@esbuild/linux-s390x@npm:0.25.12":
  version: 0.25.12
  resolution: "@esbuild/linux-s390x@npm:0.25.12"
  conditions: os=linux & cpu=s390x
  languageName: node
  linkType: hard

"@esbuild/linux-x64@npm:0.25.12":
  version: 0.25.12
  resolution: "@esbuild/linux-x64@npm:0.25.12"
  conditions: os=linux & cpu=x64
  languageName: node
  linkType: hard

"@esbuild/netbsd-arm64@npm:0.25.12":
  version: 0.25.12
  resolution: "@esbuild/netbsd-arm64@npm:0.25.12"
  conditions: os=netbsd & cpu=arm64
  languageName: node
  linkType: hard

"@esbuild/netbsd-x64@npm:0.25.12":
  version: 0.25.12
  resolution: "@esbuild/netbsd-x64@npm:0.25.12"
  conditions: os=netbsd & cpu=x64
  languageName: node
  linkType: hard

"@esbuild/openbsd-arm64@npm:0.25.12":
  version: 0.25.12
  resolution: "@esbuild/openbsd-arm64@npm:0.25.12"
  conditions: os=openbsd & cpu=arm64
  languageName: node
  linkType: hard

"@esbuild/openbsd-x64@npm:0.25.12":
  version: 0.25.12
  resolution: "@esbuild/openbsd-x64@npm:0.25.12"
  conditions: os=openbsd & cpu=x64
  languageName: node
  linkType: hard

"@esbuild/openharmony-arm64@npm:0.25.12":
  version: 0.25.12
  resolution: "@esbuild/openharmony-arm64@npm:0.25.12"
  conditions: os=openharmony & cpu=arm64
  languageName: node
  linkType: hard

"@esbuild/sunos-x64@npm:0.25.12":
  version: 0.25.12
  resolution: "@esbuild/sunos-x64@npm:0.25.12"
  conditions: os=sunos & cpu=x64
  languageName: node
  linkType: hard

"@esbuild/win32-arm64@npm:0.25.12":
  version: 0.25.12
  resolution: "@esbuild/win32-arm64@npm:0.25.12"
  conditions: os=win32 & cpu=arm64
  languageName: node
  linkType: hard

"@esbuild/win32-ia32@npm:0.25.12":
  version: 0.25.12
  resolution: "@esbuild/win32-ia32@npm:0.25.12"
  conditions: os=win32 & cpu=ia32
  languageName: node
  linkType: hard

"@esbuild/win32-x64@npm:0.25.12":
  version: 0.25.12
  resolution: "@esbuild/win32-x64@npm:0.25.12"
  conditions: os=win32 & cpu=x64
  languageName: node
  linkType: hard

"@floating-ui/core@npm:^1.7.3":
  version: 1.7.3
  resolution: "@floating-ui/core@npm:1.7.3"
  dependencies:
    "@floating-ui/utils": "npm:^0.2.10"
  checksum: 10c0/edfc23800122d81df0df0fb780b7328ae6c5f00efbb55bd48ea340f4af8c5b3b121ceb4bb81220966ab0f87b443204d37105abdd93d94846468be3243984144c
  languageName: node
  linkType: hard

"@floating-ui/dom@npm:^1.7.4":
  version: 1.7.4
  resolution: "@floating-ui/dom@npm:1.7.4"
  dependencies:
    "@floating-ui/core": "npm:^1.7.3"
    "@floating-ui/utils": "npm:^0.2.10"
  checksum: 10c0/da6166c25f9b0729caa9f498685a73a0e28251613b35d27db8de8014bc9d045158a23c092b405321a3d67c2064909b6e2a7e6c1c9cc0f62967dca5779f5aef30
  languageName: node
  linkType: hard

"@floating-ui/utils@npm:^0.2.10":
  version: 0.2.10
  resolution: "@floating-ui/utils@npm:0.2.10"
  checksum: 10c0/e9bc2a1730ede1ee25843937e911ab6e846a733a4488623cd353f94721b05ec2c9ec6437613a2ac9379a94c2fd40c797a2ba6fa1df2716f5ce4aa6ddb1cf9ea4
  languageName: node
  linkType: hard

"@hotwired/stimulus@npm:^3.2.2":
  version: 3.2.2
  resolution: "@hotwired/stimulus@npm:3.2.2"
  checksum: 10c0/3793919e353d28424f57d07e6b634bf6e8821c227acfa2a608aaa8bdfe7e80479acef12705168ca866f3c231399f4a939fb0cd089aaae04c406b3d885a3b35ea
  languageName: node
  linkType: hard

"@hotwired/turbo@npm:^8.0.13":
  version: 8.0.20
  resolution: "@hotwired/turbo@npm:8.0.20"
  checksum: 10c0/bff9a871d2131e4006e3f085fea93906d89bc19cfb6b57f10d8ebe0ff1637632f2f5f69bb0e7a6221b315df1ff2fdf4a833bffdfde03b846b7eba4580cf78d87
  languageName: node
  linkType: hard

"@lexical/clipboard@npm:0.38.2, @lexical/clipboard@npm:^0.38.2":
  version: 0.38.2
  resolution: "@lexical/clipboard@npm:0.38.2"
  dependencies:
    "@lexical/html": "npm:0.38.2"
    "@lexical/list": "npm:0.38.2"
    "@lexical/selection": "npm:0.38.2"
    "@lexical/utils": "npm:0.38.2"
    lexical: "npm:0.38.2"
  checksum: 10c0/f75e6002d4aef15f9a2021afe333bb91dac1324c586b846d573865229ae2d3760e85642c8ba5913df4bbf56659c75bc56b09f2f0b4ffb3362215baff26f415b6
  languageName: node
  linkType: hard

"@lexical/code@npm:^0.38.2":
  version: 0.38.2
  resolution: "@lexical/code@npm:0.38.2"
  dependencies:
    "@lexical/utils": "npm:0.38.2"
    lexical: "npm:0.38.2"
    prismjs: "npm:^1.30.0"
  checksum: 10c0/d870a0d70686d305161b70154ffc40f81980ce8c495af70ab185babdc9928654ea5aa99ac056a4161b6b972f0ff75b5c564c3d70622576cfff6cd4181c81400b
  languageName: node
  linkType: hard

"@lexical/dragon@npm:0.38.2":
  version: 0.38.2
  resolution: "@lexical/dragon@npm:0.38.2"
  dependencies:
    "@lexical/extension": "npm:0.38.2"
    lexical: "npm:0.38.2"
  checksum: 10c0/a848e53ebf3881e5db30402ace1c3fda5a45917ebcf087ae7881f46703626acb7a4de71532252d33bc416ba2cbcd8d14c3390f2f9f0e8a320978032315213b7f
  languageName: node
  linkType: hard

"@lexical/extension@npm:0.38.2":
  version: 0.38.2
  resolution: "@lexical/extension@npm:0.38.2"
  dependencies:
    "@lexical/utils": "npm:0.38.2"
    "@preact/signals-core": "npm:^1.11.0"
    lexical: "npm:0.38.2"
  checksum: 10c0/4413acaab92165f4b2d0440d61143e6514dc11510657619ba5a9917024a49c211612adb32e9ebbfcb81543093659031dc09949169a9daa46f9b73e9ea4c46053
  languageName: node
  linkType: hard

"@lexical/history@npm:^0.38.2":
  version: 0.38.2
  resolution: "@lexical/history@npm:0.38.2"
  dependencies:
    "@lexical/extension": "npm:0.38.2"
    "@lexical/utils": "npm:0.38.2"
    lexical: "npm:0.38.2"
  checksum: 10c0/8dcaa4fed8f194f35c6b757e1c90533b780efd35b891ce543c12894a8086b1ddcac06e94f46f5415b0cc4765790eff35ef7d4ba66b467e61dac31246e52a50ca
  languageName: node
  linkType: hard

"@lexical/html@npm:0.38.2, @lexical/html@npm:^0.38.2":
  version: 0.38.2
  resolution: "@lexical/html@npm:0.38.2"
  dependencies:
    "@lexical/selection": "npm:0.38.2"
    "@lexical/utils": "npm:0.38.2"
    lexical: "npm:0.38.2"
  checksum: 10c0/ca49352a24f174aac478f80742ce7d1e33030c0c8339887106da78b071b38e6a398daace1d9bf511499b204539eddcc11064fdbfe22dec52ea7d1a09d0ce2c09
  languageName: node
  linkType: hard

"@lexical/link@npm:^0.38.2":
  version: 0.38.2
  resolution: "@lexical/link@npm:0.38.2"
  dependencies:
    "@lexical/extension": "npm:0.38.2"
    "@lexical/utils": "npm:0.38.2"
    lexical: "npm:0.38.2"
  checksum: 10c0/95d8bb2df25bf9eadf605afbc4ce107197c0bf46c616691fa6e1022d2f2e273ae9ed41bf522026f32af30735a43652de4ed674a60a7e522b698bd919d3b4fc79
  languageName: node
  linkType: hard

"@lexical/list@npm:0.38.2, @lexical/list@npm:^0.38.2":
  version: 0.38.2
  resolution: "@lexical/list@npm:0.38.2"
  dependencies:
    "@lexical/extension": "npm:0.38.2"
    "@lexical/selection": "npm:0.38.2"
    "@lexical/utils": "npm:0.38.2"
    lexical: "npm:0.38.2"
  checksum: 10c0/55fb644517c9e306be000efc3c08be80590e18d51b6574141c96d8b8ea5cf84a502e9f876b84cd388c23f43da48db2ac567f7b84cd31f1dc5349ae7f612725c1
  languageName: node
  linkType: hard

"@lexical/rich-text@npm:^0.38.2":
  version: 0.38.2
  resolution: "@lexical/rich-text@npm:0.38.2"
  dependencies:
    "@lexical/clipboard": "npm:0.38.2"
    "@lexical/dragon": "npm:0.38.2"
    "@lexical/selection": "npm:0.38.2"
    "@lexical/utils": "npm:0.38.2"
    lexical: "npm:0.38.2"
  checksum: 10c0/e37d6659b44247b7da49da9d9806e92e19f1fbc33ef624c5d15c7fb4effd9f7162dc7831ca65c29389e26d63a95f0340ae58198420819bc157003342dc951d45
  languageName: node
  linkType: hard

"@lexical/selection@npm:0.38.2, @lexical/selection@npm:^0.38.2":
  version: 0.38.2
  resolution: "@lexical/selection@npm:0.38.2"
  dependencies:
    lexical: "npm:0.38.2"
  checksum: 10c0/b0b8c50fc51b3f12eb0b220d05b3ff59326f90892f9a7fd2225c180b84a1cf5ec243a04cd6d86dc7a9c728efb85b141859de8756dfb5fd312ea55fad5108736f
  languageName: node
  linkType: hard

"@lexical/table@npm:0.38.2, @lexical/table@npm:^0.38.2":
  version: 0.38.2
  resolution: "@lexical/table@npm:0.38.2"
  dependencies:
    "@lexical/clipboard": "npm:0.38.2"
    "@lexical/extension": "npm:0.38.2"
    "@lexical/utils": "npm:0.38.2"
    lexical: "npm:0.38.2"
  checksum: 10c0/682d2f11acc717dc286ef4e7099416c3e5d1c05be0383a8bd473edeb5951767e73cfdf824910d8a1696e1d127b6410e3ee6d1d1efbe936ae9e729421f64b5109
  languageName: node
  linkType: hard

"@lexical/utils@npm:0.38.2, @lexical/utils@npm:^0.38.2":
  version: 0.38.2
  resolution: "@lexical/utils@npm:0.38.2"
  dependencies:
    "@lexical/list": "npm:0.38.2"
    "@lexical/selection": "npm:0.38.2"
    "@lexical/table": "npm:0.38.2"
    lexical: "npm:0.38.2"
  checksum: 10c0/4d43383136260d8f6a3a2596ca67747d94d12da6180807944d1e50ad35a9f201d112331c412809e048456dbd356525dd67b3d8d127d1a0519d5b7857a3ac29c0
  languageName: node
  linkType: hard

"@microsoft/clarity@npm:^1.0.2":
  version: 1.0.2
  resolution: "@microsoft/clarity@npm:1.0.2"
  checksum: 10c0/43986711a39115097348b38f8203f02e86ebc251d79a1673f05b0e1b562513e21045892e889551d271d6c2186cd6bd84f69a968fd46c3e563ebed5153c262a4e
  languageName: node
  linkType: hard

"@orchidjs/sifter@npm:^1.1.0":
  version: 1.1.0
  resolution: "@orchidjs/sifter@npm:1.1.0"
  dependencies:
    "@orchidjs/unicode-variants": "npm:^1.1.2"
  checksum: 10c0/615f4c8f340c062d1a944ae88d7d745353e45d14d002c6966bc02ef44aca13c904942836f9ad89cbe2b5d8fa3b885c2b00b65be8d318cabc75f440949068ed6a
  languageName: node
  linkType: hard

"@orchidjs/unicode-variants@npm:^1.1.2":
  version: 1.1.2
  resolution: "@orchidjs/unicode-variants@npm:1.1.2"
  checksum: 10c0/7836e0766641d79a0337a2a8ca7f49051bb71e19e0e8fc64cdbafac4f2f718abd368b364ad79a9b13547a70e24cebb3cc4d71e75f22791ade8ba80654eb1323f
  languageName: node
  linkType: hard

"@preact/signals-core@npm:^1.11.0":
  version: 1.12.1
  resolution: "@preact/signals-core@npm:1.12.1"
  checksum: 10c0/06e73a9b6b90ef5967687eb64003cc7c1abae1950ade55941c3eefeca5d4f642010bce3f267f00663703d7f1509c51ced4751733b7ef5dcba29707fe38d375a1
  languageName: node
  linkType: hard

"@tailwindcss/oxide-linux-arm64-musl@npm:^4.0.1":
  version: 4.1.18
  resolution: "@tailwindcss/oxide-linux-arm64-musl@npm:4.1.18"
  conditions: os=linux & cpu=arm64 & libc=musl
  languageName: node
  linkType: hard

"@tailwindcss/oxide-linux-x64-musl@npm:^4.0.1":
  version: 4.1.18
  resolution: "@tailwindcss/oxide-linux-x64-musl@npm:4.1.18"
  conditions: os=linux & cpu=x64 & libc=musl
  languageName: node
  linkType: hard

"esbuild@npm:^0.25.8":
  version: 0.25.12
  resolution: "esbuild@npm:0.25.12"
  dependencies:
    "@esbuild/aix-ppc64": "npm:0.25.12"
    "@esbuild/android-arm": "npm:0.25.12"
    "@esbuild/android-arm64": "npm:0.25.12"
    "@esbuild/android-x64": "npm:0.25.12"
    "@esbuild/darwin-arm64": "npm:0.25.12"
    "@esbuild/darwin-x64": "npm:0.25.12"
    "@esbuild/freebsd-arm64": "npm:0.25.12"
    "@esbuild/freebsd-x64": "npm:0.25.12"
    "@esbuild/linux-arm": "npm:0.25.12"
    "@esbuild/linux-arm64": "npm:0.25.12"
    "@esbuild/linux-ia32": "npm:0.25.12"
    "@esbuild/linux-loong64": "npm:0.25.12"
    "@esbuild/linux-mips64el": "npm:0.25.12"
    "@esbuild/linux-ppc64": "npm:0.25.12"
    "@esbuild/linux-riscv64": "npm:0.25.12"
    "@esbuild/linux-s390x": "npm:0.25.12"
    "@esbuild/linux-x64": "npm:0.25.12"
    "@esbuild/netbsd-arm64": "npm:0.25.12"
    "@esbuild/netbsd-x64": "npm:0.25.12"
    "@esbuild/openbsd-arm64": "npm:0.25.12"
    "@esbuild/openbsd-x64": "npm:0.25.12"
    "@esbuild/openharmony-arm64": "npm:0.25.12"
    "@esbuild/sunos-x64": "npm:0.25.12"
    "@esbuild/win32-arm64": "npm:0.25.12"
    "@esbuild/win32-ia32": "npm:0.25.12"
    "@esbuild/win32-x64": "npm:0.25.12"
  dependenciesMeta:
    "@esbuild/aix-ppc64":
      optional: true
    "@esbuild/android-arm":
      optional: true
    "@esbuild/android-arm64":
      optional: true
    "@esbuild/android-x64":
      optional: true
    "@esbuild/darwin-arm64":
      optional: true
    "@esbuild/darwin-x64":
      optional: true
    "@esbuild/freebsd-arm64":
      optional: true
    "@esbuild/freebsd-x64":
      optional: true
    "@esbuild/linux-arm":
      optional: true
    "@esbuild/linux-arm64":
      optional: true
    "@esbuild/linux-ia32":
      optional: true
    "@esbuild/linux-loong64":
      optional: true
    "@esbuild/linux-mips64el":
      optional: true
    "@esbuild/linux-ppc64":
      optional: true
    "@esbuild/linux-riscv64":
      optional: true
    "@esbuild/linux-s390x":
      optional: true
    "@esbuild/linux-x64":
      optional: true
    "@esbuild/netbsd-arm64":
      optional: true
    "@esbuild/netbsd-x64":
      optional: true
    "@esbuild/openbsd-arm64":
      optional: true
    "@esbuild/openbsd-x64":
      optional: true
    "@esbuild/openharmony-arm64":
      optional: true
    "@esbuild/sunos-x64":
      optional: true
    "@esbuild/win32-arm64":
      optional: true
    "@esbuild/win32-ia32":
      optional: true
    "@esbuild/win32-x64":
      optional: true
  bin:
    esbuild: bin/esbuild
  checksum: 10c0/c205357531423220a9de8e1e6c6514242bc9b1666e762cd67ccdf8fdfdc3f1d0bd76f8d9383958b97ad4c953efdb7b6e8c1f9ca5951cd2b7c5235e8755b34a6b
  languageName: node
  linkType: hard

"lexical@npm:0.38.2, lexical@npm:^0.38.2":
  version: 0.38.2
  resolution: "lexical@npm:0.38.2"
  checksum: 10c0/aa4988600692227086fd059e94519b77b50df5f2db55a9ddeaa1589e17a223ec58a2af10aee37994971d7129a73da92b5fc2c18c7e11e70adcccd53a3a039011
  languageName: node
  linkType: hard

"lightningcss-linux-arm64-musl@npm:^1.29.1":
  version: 1.30.2
  resolution: "lightningcss-linux-arm64-musl@npm:1.30.2"
  conditions: os=linux & cpu=arm64 & libc=musl
  languageName: node
  linkType: hard

"lightningcss-linux-x64-musl@npm:^1.29.1":
  version: 1.30.2
  resolution: "lightningcss-linux-x64-musl@npm:1.30.2"
  conditions: os=linux & cpu=x64 & libc=musl
  languageName: node
  linkType: hard

"prismjs@npm:^1.30.0":
  version: 1.30.0
  resolution: "prismjs@npm:1.30.0"
  checksum: 10c0/f56205bfd58ef71ccfcbcb691fd0eb84adc96c6ff21b0b69fc6fdcf02be42d6ef972ba4aed60466310de3d67733f6a746f89f2fb79c00bf217406d465b3e8f23
  languageName: node
  linkType: hard

"root-workspace-0b6124@workspace:.":
  version: 0.0.0-use.local
  resolution: "root-workspace-0b6124@workspace:."
  dependencies:
    "@floating-ui/dom": "npm:^1.7.4"
    "@hotwired/stimulus": "npm:^3.2.2"
    "@hotwired/turbo": "npm:^8.0.13"
    "@lexical/clipboard": "npm:^0.38.2"
    "@lexical/code": "npm:^0.38.2"
    "@lexical/history": "npm:^0.38.2"
    "@lexical/html": "npm:^0.38.2"
    "@lexical/link": "npm:^0.38.2"
    "@lexical/list": "npm:^0.38.2"
    "@lexical/rich-text": "npm:^0.38.2"
    "@lexical/selection": "npm:^0.38.2"
    "@lexical/table": "npm:^0.38.2"
    "@lexical/utils": "npm:^0.38.2"
    "@microsoft/clarity": "npm:^1.0.2"
    "@tailwindcss/oxide-linux-arm64-musl": "npm:^4.0.1"
    "@tailwindcss/oxide-linux-x64-musl": "npm:^4.0.1"
    esbuild: "npm:^0.25.8"
    lexical: "npm:^0.38.2"
    lightningcss-linux-arm64-musl: "npm:^1.29.1"
    lightningcss-linux-x64-musl: "npm:^1.29.1"
    sortablejs: "npm:^1.15.6"
    stimulus-use: "npm:^0.52.3"
    tom-select: "npm:^2.4.3"
  dependenciesMeta:
    "@tailwindcss/oxide-linux-arm64-musl":
      optional: true
    "@tailwindcss/oxide-linux-x64-musl":
      optional: true
    lightningcss-linux-arm64-musl:
      optional: true
    lightningcss-linux-x64-musl:
      optional: true
  languageName: unknown
  linkType: soft

"sortablejs@npm:^1.15.6":
  version: 1.15.6
  resolution: "sortablejs@npm:1.15.6"
  checksum: 10c0/a75dcf53e5613b4106d46434e40114830f9c6449b3b439bc1925c1fbf0a0c1f044727a8f3d4ae1759fa7beaa33e7eb0c4a413e6aa88d6026577b59f3658ff727
  languageName: node
  linkType: hard

"stimulus-use@npm:^0.52.3":
  version: 0.52.3
  resolution: "stimulus-use@npm:0.52.3"
  peerDependencies:
    "@hotwired/stimulus": ">= 3"
    hotkeys-js: ">= 3"
  checksum: 10c0/706dfb49563cbbc058beca5924b463b9a5140f2a784d0291477b1e769954cdd3ccbd7e9dd8b73d3d28e7b2be19bfa2859dfe49f304b25e4ebb0dc3c55b21a349
  languageName: node
  linkType: hard

"tom-select@npm:^2.4.3":
  version: 2.4.3
  resolution: "tom-select@npm:2.4.3"
  dependencies:
    "@orchidjs/sifter": "npm:^1.1.0"
    "@orchidjs/unicode-variants": "npm:^1.1.2"
  checksum: 10c0/0567c48e31d954227ac88f53586b61f784338d97f00115c17e5fc3606552e117bdd4d53e4fa912736569daada938ef7e72092ae16d22420eab0d1bb3472b62ea
  languageName: node
  linkType: hard
